// !$*UTF8*$!
{
	archiveVersion = 1;
	classes = {
	};
	objectVersion = 46;
	objects = {

/* Begin PBXBuildFile section */
		FDBD9F3B1E4970C800D4B007 /* main.m in Sources */ = {isa = PBXBuildFile; fileRef = FDBD9F3A1E4970C800D4B007 /* main.m */; };
		FDBD9F3E1E4970C800D4B007 /* AppDelegate.m in Sources */ = {isa = PBXBuildFile; fileRef = FDBD9F3D1E4970C800D4B007 /* AppDelegate.m */; };
		FDBD9F411E4970C800D4B007 /* ViewController.m in Sources */ = {isa = PBXBuildFile; fileRef = FDBD9F401E4970C800D4B007 /* ViewController.m */; };
		FDBD9F441E4970C800D4B007 /* Main.storyboard in Resources */ = {isa = PBXBuildFile; fileRef = FDBD9F421E4970C800D4B007 /* Main.storyboard */; };
		FDBD9F461E4970C900D4B007 /* Assets.xcassets in Resources */ = {isa = PBXBuildFile; fileRef = FDBD9F451E4970C900D4B007 /* Assets.xcassets */; };
		FDBD9F491E4970C900D4B007 /* LaunchScreen.storyboard in Resources */ = {isa = PBXBuildFile; fileRef = FDBD9F471E4970C900D4B007 /* LaunchScreen.storyboard */; };
/* End PBXBuildFile section */

/* Begin PBXFileReference section */
		FDBD9F361E4970C800D4B007 /* TestGit.app */ = {isa = PBXFileReference; explicitFileType = wrapper.application; includeInIndex = 0; path = TestGit.app; sourceTree = BUILT_PRODUCTS_DIR; };
		FDBD9F3A1E4970C800D4B007 /* main.m */ = {isa = PBXFileReference; lastKnownFileType = sourcecode.c.objc; path = main.m; sourceTree = "<group>"; };
		FDBD9F3C1E4970C800D4B007 /* AppDelegate.h */ = {isa = PBXFileReference; lastKnownFileType = sourcecode.c.h; path = AppDelegate.h; sourceTree = "<group>"; };
		FDBD9F3D1E4970C800D4B007 /* AppDelegate.m */ = {isa = PBXFileReference; lastKnownFileType = sourcecode.c.objc; path = AppDelegate.m; sourceTree = "<group>"; };
		FDBD9F3F1E4970C800D4B007 /* ViewController.h */ = {isa = PBXFileReference; lastKnownFileType = sourcecode.c.h; path = ViewController.h; sourceTree = "<group>"; };
		FDBD9F401E4970C800D4B007 /* ViewController.m */ = {isa = PBXFileReference; lastKnownFileType = sourcecode.c.objc; path = ViewController.m; sourceTree = "<group>"; };
		FDBD9F431E4970C800D4B007 /* Base */ = {isa = PBXFileReference; lastKnownFileType = file.storyboard; name = Base; path = Base.lproj/Main.storyboard; sourceTree = "<group>"; };
		FDBD9F451E4970C900D4B007 /* Assets.xcassets */ = {isa = PBXFileReference; lastKnownFileType = folder.assetcatalog; path = Assets.xcassets; sourceTree = "<group>"; };
		FDBD9F481E4970C900D4B007 /* Base */ = {isa = PBXFileReference; lastKnownFileType = file.storyboard; name = Base; path = Base.lproj/LaunchScreen.storyboard; sourceTree = "<group>"; };
		FDBD9F4A1E4970C900D4B007 /* Info.plist */ = {isa = PBXFileReference; lastKnownFileType = text.plist.xml; path = Info.plist; sourceTree = "<group>"; };
/* End PBXFileReference section */

/* Begin PBXFrameworksBuildPhase section */
		FDBD9F331E4970C800D4B007 /* Frameworks */ = {
			isa = PBXFrameworksBuildPhase;
			buildActionMask = 2147483647;
			files = (
			);
			runOnlyForDeploymentPostprocessing = 0;
		};
/* End PBXFrameworksBuildPhase section */

/* Begin PBXGroup section */
		FDBD9F2D1E4970C800D4B007 = {
			isa = PBXGroup;
			children = (
				FDBD9F381E4970C800D4B007 /* TestGit */,
				FDBD9F371E4970C800D4B007 /* Products */,
			);
			sourceTree = "<group>";
		};
		FDBD9F371E4970C800D4B007 /* Products */ = {
			isa = PBXGroup;
			children = (
				FDBD9F361E4970C800D4B007 /* TestGit.app */,
			);
			name = Products;
			sourceTree = "<group>";
		};
		FDBD9F381E4970C800D4B007 /* TestGit */ = {
			isa = PBXGroup;
			children = (
				FDBD9F3C1E4970C800D4B007 /* AppDelegate.h */,
				FDBD9F3D1E4970C800D4B007 /* AppDelegate.m */,
				FDBD9F3F1E4970C800D4B007 /* ViewController.h */,
				FDBD9F401E4970C800D4B007 /* ViewController.m */,
				FDBD9F421E4970C800D4B007 /* Main.storyboard */,
				FDBD9F451E4970C900D4B007 /* Assets.xcassets */,
				FDBD9F471E4970C900D4B007 /* LaunchScreen.storyboard */,
				FDBD9F4A1E4970C900D4B007 /* Info.plist */,
				FDBD9F391E4970C800D4B007 /* Supporting Files */,
			);
			path = TestGit;
			sourceTree = "<group>";
		};
		FDBD9F391E4970C800D4B007 /* Supporting Files */ = {
			isa = PBXGroup;
			children = (
				FDBD9F3A1E4970C800D4B007 /* main.m */,
			);
			name = "Supporting Files";
			sourceTree = "<group>";
		};
/* End PBXGroup section */

/* Begin PBXNativeTarget section */
		FDBD9F351E4970C800D4B007 /* TestGit */ = {
			isa = PBXNativeTarget;
			buildConfigurationList = FDBD9F4D1E4970C900D4B007 /* Build configuration list for PBXNativeTarget "TestGit" */;
			buildPhases = (
				FDBD9F321E4970C800D4B007 /* Sources */,
				FDBD9F331E4970C800D4B007 /* Frameworks */,
				FDBD9F341E4970C800D4B007 /* Resources */,
			);
			buildRules = (
			);
			dependencies = (
			);
			name = TestGit;
			productName = TestGit;
			productReference = FDBD9F361E4970C800D4B007 /* TestGit.app */;
			productType = "com.apple.product-type.application";
		};
/* End PBXNativeTarget section */

/* Begin PBXProject section */
		FDBD9F2E1E4970C800D4B007 /* Project object */ = {
			isa = PBXProject;
			attributes = {
				LastUpgradeCheck = 0720;
				ORGANIZATIONNAME = LXF;
				TargetAttributes = {
					FDBD9F351E4970C800D4B007 = {
						CreatedOnToolsVersion = 7.2;
					};
				};
			};
			buildConfigurationList = FDBD9F311E4970C800D4B007 /* Build configuration list for PBXProject "TestGit" */;
			compatibilityVersion = "Xcode 3.2";
			developmentRegion = English;
			hasScannedForEncodings = 0;
			knownRegions = (
				en,
				Base,
			);
			mainGroup = FDBD9F2D1E4970C800D4B007;
			productRefGroup = FDBD9F371E4970C800D4B007 /* Products */;
			projectDirPath = "";
			projectRoot = "";
			targets = (
				FDBD9F351E4970C800D4B007 /* TestGit */,
			);
		};
/* End PBXProject section */

/* Begin PBXResourcesBuildPhase section */
		FDBD9F341E4970C800D4B007 /* Resources */ = {
			isa = PBXResourcesBuildPhase;
			buildActionMask = 2147483647;
			files = (
				FDBD9F491E4970C900D4B007 /* LaunchScreen.storyboard in Resources */,
				FDBD9F461E4970C900D4B007 /* Assets.xcassets in Resources */,
				FDBD9F441E4970C800D4B007 /* Main.storyboard in Resources */,
			);
			runOnlyForDeploymentPostprocessing = 0;
		};
/* End PBXResourcesBuildPhase section */

/* Begin PBXSourcesBuildPhase section */
		FDBD9F321E4970C800D4B007 /* Sources */ = {
			isa = PBXSourcesBuildPhase;
			buildActionMask = 2147483647;
			files = (
				FDBD9F411E4970C800D4B007 /* ViewController.m in Sources */,
				FDBD9F3E1E4970C800D4B007 /* AppDelegate.m in Sources */,
				FDBD9F3B1E4970C800D4B007 /* main.m in Sources */,
			);
			runOnlyForDeploymentPostprocessing = 0;
		};
/* End PBXSourcesBuildPhase section */

/* Begin PBXVariantGroup section */
		FDBD9F421E4970C800D4B007 /* Main.storyboard */ = {
			isa = PBXVariantGroup;
			children = (
				FDBD9F431E4970C800D4B007 /* Base */,
			);
			name = Main.storyboard;
			sourceTree = "<group>";
		};
		FDBD9F471E4970C900D4B007 /* LaunchScreen.storyboard */ = {
			isa = PBXVariantGroup;
			children = (
				FDBD9F481E4970C900D4B007 /* Base */,
			);
			name = LaunchScreen.storyboard;
			sourceTree = "<group>";
		};
/* End PBXVariantGroup section */

/* Begin XCBuildConfiguration section */
		FDBD9F4B1E4970C900D4B007 /* Debug */ = {
			isa = XCBuildConfiguration;
			buildSettings = {
				ALWAYS_SEARCH_USER_PATHS = NO;
				CLANG_CXX_LANGUAGE_STANDARD = "gnu++0x";
				CLANG_CXX_LIBRARY = "libc++";
				CLANG_ENABLE_MODULES = YES;
				CLANG_ENABLE_OBJC_ARC = YES;
				CLANG_WARN_BOOL_CONVERSION = YES;
				CLANG_WARN_CONSTANT_CONVERSION = YES;
				CLANG_WARN_DIRECT_OBJC_ISA_USAGE = YES_ERROR;
				CLANG_WARN_EMPTY_BODY = YES;
				CLANG_WARN_ENUM_CONVERSION = YES;
				CLANG_WARN_INT_CONVERSION = YES;
				CLANG_WARN_OBJC_ROOT_CLASS = YES_ERROR;
				CLANG_WARN_UNREACHABLE_CODE = YES;
				CLANG_WARN__DUPLICATE_METHOD_MATCH = YES;
				"CODE_SIGN_IDENTITY[sdk=iphoneos*]" = "iPhone Developer";
				COPY_PHASE_STRIP = NO;
				DEBUG_INFORMATION_FORMAT = dwarf;
				ENABLE_STRICT_OBJC_MSGSEND = YES;
				ENABLE_TESTABILITY = YES;
				GCC_C_LANGUAGE_STANDARD = gnu99;
				GCC_DYNAMIC_NO_PIC = NO;
				GCC_NO_COMMON_BLOCKS = YES;
				GCC_OPTIMIZATION_LEVEL = 0;
				GCC_PREPROCESSOR_DEFINITIONS = (
					"DEBUG=1",
					"$(inherited)",
				);
				GCC_WARN_64_TO_32_BIT_CONVERSION = YES;
				GCC_WARN_ABOUT_RETURN_TYPE = YES_ERROR;
				GCC_WARN_UNDECLARED_SELECTOR = YES;
				GCC_WARN_UNINITIALIZED_AUTOS = YES_AGGRESSIVE;
				GCC_WARN_UNUSED_FUNCTION = YES;
				GCC_WARN_UNUSED_VARIABLE = YES;
				IPHONEOS_DEPLOYMENT_TARGET = 9.2;
				MTL_ENABLE_DEBUG_INFO = YES;
				ONLY_ACTIVE_ARCH = YES;
				SDKROOT = iphoneos;
				TARGETED_DEVICE_FAMILY = "1,2";
			};
			name = Debug;
		};
		FDBD9F4C1E4970C900D4B007 /* Release */ = {
			isa = XCBuildConfiguration;
			buildSettings = {
				ALWAYS_SEARCH_USER_PATHS = NO;
				CLANG_CXX_LANGUAGE_STANDARD = "gnu++0x";
				CLANG_CXX_LIBRARY = "libc++";
				CLANG_ENABLE_MODULES = YES;
				CLANG_ENABLE_OBJC_ARC = YES;
				CLANG_WARN_BOOL_CONVERSION = YES;
				CLANG_WARN_CONSTANT_CONVERSION = YES;
				CLANG_WARN_DIRECT_OBJC_ISA_USAGE = YES_ERROR;
				CLANG_WARN_EMPTY_BODY = YES;
				CLANG_WARN_ENUM_CONVERSION = YES;
				CLANG_WARN_INT_CONVERSION = YES;
				CLANG_WARN_OBJC_ROOT_CLASS = YES_ERROR;
				CLANG_WARN_UNREACHABLE_CODE = YES;
				CLANG_WARN__DUPLICATE_METHOD_MATCH = YES;
				"CODE_SIGN_IDENTITY[sdk=iphoneos*]" = "iPhone Developer";
				COPY_PHASE_STRIP = NO;
				DEBUG_INFORMATION_FORMAT = "dwarf-with-dsym";
				ENABLE_NS_ASSERTIONS = NO;
				ENABLE_STRICT_OBJC_MSGSEND = YES;
				GCC_C_LANGUAGE_STANDARD = gnu99;
				GCC_NO_COMMON_BLOCKS = YES;
				GCC_WARN_64_TO_32_BIT_CONVERSION = YES;
				GCC_WARN_ABOUT_RETURN_TYPE = YES_ERROR;
				GCC_WARN_UNDECLARED_SELECTOR = YES;
				GCC_WARN_UNINITIALIZED_AUTOS = YES_AGGRESSIVE;
				GCC_WARN_UNUSED_FUNCTION = YES;
				GCC_WARN_UNUSED_VARIABLE = YES;
				IPHONEOS_DEPLOYMENT_TARGET = 9.2;
				MTL_ENABLE_DEBUG_INFO = NO;
				SDKROOT = iphoneos;
				TARGETED_DEVICE_FAMILY = "1,2";
				VALIDATE_PRODUCT = YES;
			};
			name = Release;
		};
		FDBD9F4E1E4970C900D4B007 /* Debug */ = {
			isa = XCBuildConfiguration;
			buildSettings = {
				ASSETCATALOG_COMPILER_APPICON_NAME = AppIcon;
				INFOPLIST_FILE = TestGit/Info.plist;
				IPHONEOS_DEPLOYMENT_TARGET = 6.1;
				LD_RUNPATH_SEARCH_PATHS = "$(inherited) @executable_path/Frameworks";
				PRODUCT_BUNDLE_IDENTIFIER = zzst.TestGit;
				PRODUCT_NAME = "$(TARGET_NAME)";
			};
			name = Debug;
		};
		FDBD9F4F1E4970C900D4B007 /* Release */ = {
			isa = XCBuildConfiguration;
			buildSettings = {
				ASSETCATALOG_COMPILER_APPICON_NAME = AppIcon;
				INFOPLIST_FILE = TestGit/Info.plist;
				IPHONEOS_DEPLOYMENT_TARGET = 6.1;
				LD_RUNPATH_SEARCH_PATHS = "$(inherited) @executable_path/Frameworks";
				PRODUCT_BUNDLE_IDENTIFIER = zzst.TestGit;
				PRODUCT_NAME = "$(TARGET_NAME)";
			};
			name = Release;
		};
/* End XCBuildConfiguration section */

/* Begin XCConfigurationList section */
		FDBD9F311E4970C800D4B007 /* Build configuration list for PBXProject "TestGit" */ = {
			isa = XCConfigurationList;
			buildConfigurations = (
				FDBD9F4B1E4970C900D4B007 /* Debug */,
				FDBD9F4C1E4970C900D4B007 /* Release */,
			);
			defaultConfigurationIsVisible = 0;
			defaultConfigurationName = Release;
		};
		FDBD9F4D1E4970C900D4B007 /* Build configuration list for PBXNativeTarget "TestGit" */ = {
			isa = XCConfigurationList;
			buildConfigurations = (
				FDBD9F4E1E4970C900D4B007 /* Debug */,
				FDBD9F4F1E4970C900D4B007 /* Release */,
			);
			defaultConfigurationIsVisible = 0;
			defaultConfigurationName = Release;
		};
/* End XCConfigurationList section */
	};
	rootObject = FDBD9F2E1E4970C800D4B007 /* Project object */;
}
